{
    "_readme": [
        "This file locks the dependencies of your project to a known state",
        "Read more about it at https://getcomposer.org/doc/01-basic-usage.md#installing-dependencies",
        "This file is @generated automatically"
    ],
    "content-hash": "5db3a398360c41d280d05e2295cd6004",
    "packages": [
        {
            "name": "guzzlehttp/guzzle",
            "version": "7.3.0",
            "source": {
                "type": "git",
                "url": "https://github.com/guzzle/guzzle.git",
                "reference": "7008573787b430c1c1f650e3722d9bba59967628"
            },
            "dist": {
                "type": "zip",
                "url": "https://api.github.com/repos/guzzle/guzzle/zipball/7008573787b430c1c1f650e3722d9bba59967628",
                "reference": "7008573787b430c1c1f650e3722d9bba59967628",
                "shasum": ""
            },
            "require": {
                "ext-json": "*",
                "guzzlehttp/promises": "^1.4",
                "guzzlehttp/psr7": "^1.7 || ^2.0",
                "php": "^7.2.5 || ^8.0",
                "psr/http-client": "^1.0"
            },
            "provide": {
                "psr/http-client-implementation": "1.0"
            },
            "require-dev": {
                "bamarni/composer-bin-plugin": "^1.4.1",
                "ext-curl": "*",
                "php-http/client-integration-tests": "^3.0",
                "phpunit/phpunit": "^8.5.5 || ^9.3.5",
                "psr/log": "^1.1"
            },
            "suggest": {
                "ext-curl": "Required for CURL handler support",
                "ext-intl": "Required for Internationalized Domain Name (IDN) support",
                "psr/log": "Required for using the Log middleware"
            },
            "type": "library",
            "extra": {
                "branch-alias": {
                    "dev-master": "7.3-dev"
                }
            },
            "autoload": {
                "psr-4": {
                    "GuzzleHttp\\": "src/"
                },
                "files": [
                    "src/functions_include.php"
                ]
            },
            "notification-url": "https://packagist.org/downloads/",
            "license": [
                "MIT"
            ],
            "authors": [
                {
                    "name": "Michael Dowling",
                    "email": "mtdowling@gmail.com",
                    "homepage": "https://github.com/mtdowling"
                },
                {
                    "name": "Márk Sági-Kazár",
                    "email": "mark.sagikazar@gmail.com",
                    "homepage": "https://sagikazarmark.hu"
                }
            ],
            "description": "Guzzle is a PHP HTTP client library",
            "homepage": "http://guzzlephp.org/",
            "keywords": [
                "client",
                "curl",
                "framework",
                "http",
                "http client",
                "psr-18",
                "psr-7",
                "rest",
                "web service"
            ],
            "support": {
                "issues": "https://github.com/guzzle/guzzle/issues",
                "source": "https://github.com/guzzle/guzzle/tree/7.3.0"
            },
            "funding": [
                {
                    "url": "https://github.com/GrahamCampbell",
                    "type": "github"
                },
                {
                    "url": "https://github.com/Nyholm",
                    "type": "github"
                },
                {
                    "url": "https://github.com/alexeyshockov",
                    "type": "github"
                },
                {
                    "url": "https://github.com/gmponos",
                    "type": "github"
                }
            ],
            "time": "2021-03-23T11:33:13+00:00"
        },
        {
            "name": "guzzlehttp/promises",
            "version": "1.4.1",
            "source": {
                "type": "git",
                "url": "https://github.com/guzzle/promises.git",
                "reference": "8e7d04f1f6450fef59366c399cfad4b9383aa30d"
            },
            "dist": {
                "type": "zip",
                "url": "https://api.github.com/repos/guzzle/promises/zipball/8e7d04f1f6450fef59366c399cfad4b9383aa30d",
                "reference": "8e7d04f1f6450fef59366c399cfad4b9383aa30d",
                "shasum": ""
            },
            "require": {
                "php": ">=5.5"
            },
            "require-dev": {
                "symfony/phpunit-bridge": "^4.4 || ^5.1"
            },
            "type": "library",
            "extra": {
                "branch-alias": {
                    "dev-master": "1.4-dev"
                }
            },
            "autoload": {
                "psr-4": {
                    "GuzzleHttp\\Promise\\": "src/"
                },
                "files": [
                    "src/functions_include.php"
                ]
            },
            "notification-url": "https://packagist.org/downloads/",
            "license": [
                "MIT"
            ],
            "authors": [
                {
                    "name": "Michael Dowling",
                    "email": "mtdowling@gmail.com",
                    "homepage": "https://github.com/mtdowling"
                }
            ],
            "description": "Guzzle promises library",
            "keywords": [
                "promise"
            ],
            "support": {
                "issues": "https://github.com/guzzle/promises/issues",
                "source": "https://github.com/guzzle/promises/tree/1.4.1"
            },
            "time": "2021-03-07T09:25:29+00:00"
        },
        {
            "name": "guzzlehttp/psr7",
            "version": "1.8.2",
            "source": {
                "type": "git",
                "url": "https://github.com/guzzle/psr7.git",
                "reference": "dc960a912984efb74d0a90222870c72c87f10c91"
            },
            "dist": {
                "type": "zip",
                "url": "https://api.github.com/repos/guzzle/psr7/zipball/dc960a912984efb74d0a90222870c72c87f10c91",
                "reference": "dc960a912984efb74d0a90222870c72c87f10c91",
                "shasum": ""
            },
            "require": {
                "php": ">=5.4.0",
                "psr/http-message": "~1.0",
                "ralouphie/getallheaders": "^2.0.5 || ^3.0.0"
            },
            "provide": {
                "psr/http-message-implementation": "1.0"
            },
            "require-dev": {
                "ext-zlib": "*",
                "phpunit/phpunit": "~4.8.36 || ^5.7.27 || ^6.5.14 || ^7.5.20 || ^8.5.8 || ^9.3.10"
            },
            "suggest": {
                "laminas/laminas-httphandlerrunner": "Emit PSR-7 responses"
            },
            "type": "library",
            "extra": {
                "branch-alias": {
                    "dev-master": "1.7-dev"
                }
            },
            "autoload": {
                "psr-4": {
                    "GuzzleHttp\\Psr7\\": "src/"
                },
                "files": [
                    "src/functions_include.php"
                ]
            },
            "notification-url": "https://packagist.org/downloads/",
            "license": [
                "MIT"
            ],
            "authors": [
                {
                    "name": "Michael Dowling",
                    "email": "mtdowling@gmail.com",
                    "homepage": "https://github.com/mtdowling"
                },
                {
                    "name": "Tobias Schultze",
                    "homepage": "https://github.com/Tobion"
                }
            ],
            "description": "PSR-7 message implementation that also provides common utility methods",
            "keywords": [
                "http",
                "message",
                "psr-7",
                "request",
                "response",
                "stream",
                "uri",
                "url"
            ],
            "support": {
                "issues": "https://github.com/guzzle/psr7/issues",
                "source": "https://github.com/guzzle/psr7/tree/1.8.2"
            },
            "time": "2021-04-26T09:17:50+00:00"
        },
        {
            "name": "laminas/laminas-hydrator",
            "version": "1.1.0",
            "source": {
                "type": "git",
                "url": "https://github.com/laminas/laminas-hydrator.git",
                "reference": "1ae0a72885be9d74a6af5086c052191e7cbcae83"
            },
            "dist": {
                "type": "zip",
                "url": "https://api.github.com/repos/laminas/laminas-hydrator/zipball/1ae0a72885be9d74a6af5086c052191e7cbcae83",
                "reference": "1ae0a72885be9d74a6af5086c052191e7cbcae83",
                "shasum": ""
            },
            "require": {
                "laminas/laminas-stdlib": "^2.7 || ^3.0",
                "laminas/laminas-zendframework-bridge": "^1.0",
                "php": "^5.5 || ^7.0"
            },
            "replace": {
                "zendframework/zend-hydrator": "self.version"
            },
            "require-dev": {
                "laminas/laminas-eventmanager": "^2.6.2 || ^3.0",
                "laminas/laminas-filter": "^2.6",
                "laminas/laminas-inputfilter": "^2.6",
                "laminas/laminas-serializer": "^2.6.1",
                "laminas/laminas-servicemanager": "^2.7.5 || ^3.0.3",
                "phpunit/phpunit": "~4.0",
                "squizlabs/php_codesniffer": "^2.0@dev"
            },
            "suggest": {
                "laminas/laminas-eventmanager": "^2.6.2 || ^3.0, to support aggregate hydrator usage",
                "laminas/laminas-filter": "^2.6, to support naming strategy hydrator usage",
                "laminas/laminas-serializer": "^2.6.1, to use the SerializableStrategy",
                "laminas/laminas-servicemanager": "^2.7.5 || ^3.0.3, to support hydrator plugin manager usage"
            },
            "type": "library",
            "extra": {
                "branch-alias": {
                    "dev-release-1.0": "1.0-dev",
                    "dev-release-1.1": "1.1-dev",
                    "dev-master": "2.0-dev",
                    "dev-develop": "2.1-dev"
                }
            },
            "autoload": {
                "psr-4": {
                    "Laminas\\Hydrator\\": "src/"
                }
            },
            "notification-url": "https://packagist.org/downloads/",
            "license": [
                "BSD-3-Clause"
            ],
            "homepage": "https://laminas.dev",
            "keywords": [
                "hydrator",
                "laminas"
            ],
            "support": {
                "chat": "https://laminas.dev/chat",
                "docs": "https://docs.laminas.dev/laminas-hydrator/",
                "forum": "https://discourse.laminas.dev",
                "issues": "https://github.com/laminas/laminas-hydrator/issues",
                "rss": "https://github.com/laminas/laminas-hydrator/releases.atom",
                "source": "https://github.com/laminas/laminas-hydrator"
            },
            "time": "2019-12-31T17:06:22+00:00"
        },
        {
            "name": "laminas/laminas-stdlib",
            "version": "2.7.8",
            "source": {
                "type": "git",
                "url": "https://github.com/laminas/laminas-stdlib.git",
                "reference": "da8ecaa0b35b92e0834d6c0c111bd5306b6dc471"
            },
            "dist": {
                "type": "zip",
                "url": "https://api.github.com/repos/laminas/laminas-stdlib/zipball/da8ecaa0b35b92e0834d6c0c111bd5306b6dc471",
                "reference": "da8ecaa0b35b92e0834d6c0c111bd5306b6dc471",
                "shasum": ""
            },
            "require": {
                "laminas/laminas-hydrator": "~1.1",
                "laminas/laminas-zendframework-bridge": "^1.0",
                "php": "^5.6 || ^7.0",
                "symfony/polyfill-php73": "^1.19"
            },
            "replace": {
                "zendframework/zend-stdlib": "self.version"
            },
            "require-dev": {
                "athletic/athletic": "~0.1",
                "fabpot/php-cs-fixer": "1.7.*",
                "laminas/laminas-config": "~2.5",
                "laminas/laminas-eventmanager": "^2.6.1",
                "laminas/laminas-filter": "~2.5",
                "laminas/laminas-inputfilter": "~2.5",
                "laminas/laminas-serializer": "~2.5",
                "laminas/laminas-servicemanager": "^2.7.5 || ^3.0.3",
                "phpunit/phpunit": "^5.7.27 || ^6.5.14 || ^7.5.20"
            },
            "suggest": {
                "laminas/laminas-eventmanager": "To support aggregate hydrator usage",
                "laminas/laminas-filter": "To support naming strategy hydrator usage",
                "laminas/laminas-serializer": "Laminas\\Serializer component",
                "laminas/laminas-servicemanager": "To support hydrator plugin manager usage"
            },
            "type": "library",
            "autoload": {
                "psr-4": {
                    "Laminas\\Stdlib\\": "src/"
                }
            },
            "notification-url": "https://packagist.org/downloads/",
            "license": [
                "BSD-3-Clause"
            ],
            "homepage": "https://laminas.dev",
            "keywords": [
                "laminas",
                "stdlib"
            ],
            "support": {
                "chat": "https://laminas.dev/chat",
                "docs": "https://docs.laminas.dev/laminas-stdlib/",
                "forum": "https://discourse.laminas.dev",
                "issues": "https://github.com/laminas/laminas-stdlib/issues",
                "rss": "https://github.com/laminas/laminas-stdlib/releases.atom",
                "source": "https://github.com/laminas/laminas-stdlib"
            },
            "funding": [
                {
                    "url": "https://funding.communitybridge.org/projects/laminas-project",
                    "type": "community_bridge"
                }
            ],
            "time": "2021-02-16T20:21:34+00:00"
        },
        {
            "name": "laminas/laminas-zendframework-bridge",
            "version": "1.2.0",
            "source": {
                "type": "git",
                "url": "https://github.com/laminas/laminas-zendframework-bridge.git",
                "reference": "6cccbddfcfc742eb02158d6137ca5687d92cee32"
            },
            "dist": {
                "type": "zip",
                "url": "https://api.github.com/repos/laminas/laminas-zendframework-bridge/zipball/6cccbddfcfc742eb02158d6137ca5687d92cee32",
                "reference": "6cccbddfcfc742eb02158d6137ca5687d92cee32",
                "shasum": ""
            },
            "require": {
                "php": "^7.3 || ^8.0"
            },
            "require-dev": {
                "phpunit/phpunit": "^5.7 || ^6.5 || ^7.5 || ^8.1 || ^9.3",
                "psalm/plugin-phpunit": "^0.15.1",
                "squizlabs/php_codesniffer": "^3.5",
                "vimeo/psalm": "^4.6"
            },
            "type": "library",
            "extra": {
                "laminas": {
                    "module": "Laminas\\ZendFrameworkBridge"
                }
            },
            "autoload": {
                "files": [
                    "src/autoload.php"
                ],
                "psr-4": {
                    "Laminas\\ZendFrameworkBridge\\": "src//"
                }
            },
            "notification-url": "https://packagist.org/downloads/",
            "license": [
                "BSD-3-Clause"
            ],
            "description": "Alias legacy ZF class names to Laminas Project equivalents.",
            "keywords": [
                "ZendFramework",
                "autoloading",
                "laminas",
                "zf"
            ],
            "support": {
                "forum": "https://discourse.laminas.dev/",
                "issues": "https://github.com/laminas/laminas-zendframework-bridge/issues",
                "rss": "https://github.com/laminas/laminas-zendframework-bridge/releases.atom",
                "source": "https://github.com/laminas/laminas-zendframework-bridge"
            },
            "funding": [
                {
                    "url": "https://funding.communitybridge.org/projects/laminas-project",
                    "type": "community_bridge"
                }
            ],
            "time": "2021-02-25T21:54:58+00:00"
        },
        {
            "name": "psr/http-client",
            "version": "1.0.1",
            "source": {
                "type": "git",
                "url": "https://github.com/php-fig/http-client.git",
                "reference": "2dfb5f6c5eff0e91e20e913f8c5452ed95b86621"
            },
            "dist": {
                "type": "zip",
                "url": "https://api.github.com/repos/php-fig/http-client/zipball/2dfb5f6c5eff0e91e20e913f8c5452ed95b86621",
                "reference": "2dfb5f6c5eff0e91e20e913f8c5452ed95b86621",
                "shasum": ""
            },
            "require": {
                "php": "^7.0 || ^8.0",
                "psr/http-message": "^1.0"
            },
            "type": "library",
            "extra": {
                "branch-alias": {
                    "dev-master": "1.0.x-dev"
                }
            },
            "autoload": {
                "psr-4": {
                    "Psr\\Http\\Client\\": "src/"
                }
            },
            "notification-url": "https://packagist.org/downloads/",
            "license": [
                "MIT"
            ],
            "authors": [
                {
                    "name": "PHP-FIG",
                    "homepage": "http://www.php-fig.org/"
                }
            ],
            "description": "Common interface for HTTP clients",
            "homepage": "https://github.com/php-fig/http-client",
            "keywords": [
                "http",
                "http-client",
                "psr",
                "psr-18"
            ],
            "support": {
                "source": "https://github.com/php-fig/http-client/tree/master"
            },
            "time": "2020-06-29T06:28:15+00:00"
        },
        {
            "name": "psr/http-message",
            "version": "1.0.1",
            "source": {
                "type": "git",
                "url": "https://github.com/php-fig/http-message.git",
                "reference": "f6561bf28d520154e4b0ec72be95418abe6d9363"
            },
            "dist": {
                "type": "zip",
                "url": "https://api.github.com/repos/php-fig/http-message/zipball/f6561bf28d520154e4b0ec72be95418abe6d9363",
                "reference": "f6561bf28d520154e4b0ec72be95418abe6d9363",
                "shasum": ""
            },
            "require": {
                "php": ">=5.3.0"
            },
            "type": "library",
            "extra": {
                "branch-alias": {
                    "dev-master": "1.0.x-dev"
                }
            },
            "autoload": {
                "psr-4": {
                    "Psr\\Http\\Message\\": "src/"
                }
            },
            "notification-url": "https://packagist.org/downloads/",
            "license": [
                "MIT"
            ],
            "authors": [
                {
                    "name": "PHP-FIG",
                    "homepage": "http://www.php-fig.org/"
                }
            ],
            "description": "Common interface for HTTP messages",
            "homepage": "https://github.com/php-fig/http-message",
            "keywords": [
                "http",
                "http-message",
                "psr",
                "psr-7",
                "request",
                "response"
            ],
            "support": {
                "source": "https://github.com/php-fig/http-message/tree/master"
            },
            "time": "2016-08-06T14:39:51+00:00"
        },
        {
            "name": "ralouphie/getallheaders",
            "version": "3.0.3",
            "source": {
                "type": "git",
                "url": "https://github.com/ralouphie/getallheaders.git",
                "reference": "120b605dfeb996808c31b6477290a714d356e822"
            },
            "dist": {
                "type": "zip",
                "url": "https://api.github.com/repos/ralouphie/getallheaders/zipball/120b605dfeb996808c31b6477290a714d356e822",
                "reference": "120b605dfeb996808c31b6477290a714d356e822",
                "shasum": ""
            },
            "require": {
                "php": ">=5.6"
            },
            "require-dev": {
                "php-coveralls/php-coveralls": "^2.1",
                "phpunit/phpunit": "^5 || ^6.5"
            },
            "type": "library",
            "autoload": {
                "files": [
                    "src/getallheaders.php"
                ]
            },
            "notification-url": "https://packagist.org/downloads/",
            "license": [
                "MIT"
            ],
            "authors": [
                {
                    "name": "Ralph Khattar",
                    "email": "ralph.khattar@gmail.com"
                }
            ],
            "description": "A polyfill for getallheaders.",
            "support": {
                "issues": "https://github.com/ralouphie/getallheaders/issues",
                "source": "https://github.com/ralouphie/getallheaders/tree/develop"
            },
            "time": "2019-03-08T08:55:37+00:00"
        },
        {
            "name": "spatie/enum",
            "version": "3.9.0",
            "source": {
                "type": "git",
                "url": "https://github.com/spatie/enum.git",
                "reference": "5870275f3811dc63c08200b1536ab2f8618b6a52"
            },
            "dist": {
                "type": "zip",
                "url": "https://api.github.com/repos/spatie/enum/zipball/5870275f3811dc63c08200b1536ab2f8618b6a52",
                "reference": "5870275f3811dc63c08200b1536ab2f8618b6a52",
                "shasum": ""
            },
            "require": {
                "ext-json": "*",
                "php": "^7.4 || ^8.0"
            },
            "require-dev": {
                "fakerphp/faker": "^1.9.1",
                "larapack/dd": "^1.1",
                "phpunit/phpunit": "^9.0",
                "vimeo/psalm": "^4.3"
            },
            "suggest": {
                "fakerphp/faker": "To use the enum faker provider",
                "phpunit/phpunit": "To use the enum assertions"
            },
            "type": "library",
            "autoload": {
                "psr-4": {
                    "Spatie\\Enum\\": "src"
                }
            },
            "notification-url": "https://packagist.org/downloads/",
            "license": [
                "MIT"
            ],
            "authors": [
                {
                    "name": "Brent Roose",
                    "email": "brent@spatie.be",
                    "homepage": "https://spatie.be",
                    "role": "Developer"
                },
                {
                    "name": "Tom Witkowski",
                    "email": "dev@gummibeer.de",
                    "homepage": "https://gummibeer.de",
                    "role": "Developer"
                }
            ],
            "description": "PHP Enums",
            "homepage": "https://github.com/spatie/enum",
            "keywords": [
                "enum",
                "enumerable",
                "spatie"
            ],
            "support": {
                "docs": "https://docs.spatie.be/enum",
                "issues": "https://github.com/spatie/enum/issues",
                "source": "https://github.com/spatie/enum"
            },
            "funding": [
                {
                    "url": "https://spatie.be/open-source/support-us",
                    "type": "custom"
                },
                {
                    "url": "https://github.com/spatie",
                    "type": "github"
                }
            ],
            "time": "2021-05-10T09:27:50+00:00"
        },
        {
            "name": "symfony/polyfill-php73",
            "version": "v1.22.1",
            "source": {
                "type": "git",
                "url": "https://github.com/symfony/polyfill-php73.git",
                "reference": "a678b42e92f86eca04b7fa4c0f6f19d097fb69e2"
            },
            "dist": {
                "type": "zip",
                "url": "https://api.github.com/repos/symfony/polyfill-php73/zipball/a678b42e92f86eca04b7fa4c0f6f19d097fb69e2",
                "reference": "a678b42e92f86eca04b7fa4c0f6f19d097fb69e2",
                "shasum": ""
            },
            "require": {
                "php": ">=7.1"
            },
            "type": "library",
            "extra": {
                "branch-alias": {
                    "dev-main": "1.22-dev"
                },
                "thanks": {
                    "name": "symfony/polyfill",
                    "url": "https://github.com/symfony/polyfill"
                }
            },
            "autoload": {
                "psr-4": {
                    "Symfony\\Polyfill\\Php73\\": ""
                },
                "files": [
                    "bootstrap.php"
                ],
                "classmap": [
                    "Resources/stubs"
                ]
            },
            "notification-url": "https://packagist.org/downloads/",
            "license": [
                "MIT"
            ],
            "authors": [
                {
                    "name": "Nicolas Grekas",
                    "email": "p@tchwork.com"
                },
                {
                    "name": "Symfony Community",
                    "homepage": "https://symfony.com/contributors"
                }
            ],
            "description": "Symfony polyfill backporting some PHP 7.3+ features to lower PHP versions",
            "homepage": "https://symfony.com",
            "keywords": [
                "compatibility",
                "polyfill",
                "portable",
                "shim"
            ],
            "support": {
                "source": "https://github.com/symfony/polyfill-php73/tree/v1.22.1"
            },
            "funding": [
                {
                    "url": "https://symfony.com/sponsor",
                    "type": "custom"
                },
                {
                    "url": "https://github.com/fabpot",
                    "type": "github"
                },
                {
                    "url": "https://tidelift.com/funding/github/packagist/symfony/symfony",
                    "type": "tidelift"
                }
            ],
            "time": "2021-01-07T16:49:33+00:00"
        }
    ],
    "packages-dev": [
        {
            "name": "squizlabs/php_codesniffer",
            "version": "3.6.0",
            "source": {
                "type": "git",
                "url": "https://github.com/squizlabs/PHP_CodeSniffer.git",
                "reference": "ffced0d2c8fa8e6cdc4d695a743271fab6c38625"
            },
            "dist": {
                "type": "zip",
                "url": "https://api.github.com/repos/squizlabs/PHP_CodeSniffer/zipball/ffced0d2c8fa8e6cdc4d695a743271fab6c38625",
                "reference": "ffced0d2c8fa8e6cdc4d695a743271fab6c38625",
                "shasum": ""
            },
            "require": {
                "ext-simplexml": "*",
                "ext-tokenizer": "*",
                "ext-xmlwriter": "*",
                "php": ">=5.4.0"
            },
            "require-dev": {
                "phpunit/phpunit": "^4.0 || ^5.0 || ^6.0 || ^7.0"
            },
            "bin": [
                "bin/phpcs",
                "bin/phpcbf"
            ],
            "type": "library",
            "extra": {
                "branch-alias": {
                    "dev-master": "3.x-dev"
                }
            },
            "notification-url": "https://packagist.org/downloads/",
            "license": [
                "BSD-3-Clause"
            ],
            "authors": [
                {
                    "name": "Greg Sherwood",
                    "role": "lead"
                }
            ],
            "description": "PHP_CodeSniffer tokenizes PHP, JavaScript and CSS files and detects violations of a defined set of coding standards.",
            "homepage": "https://github.com/squizlabs/PHP_CodeSniffer",
            "keywords": [
                "phpcs",
                "standards"
            ],
            "support": {
                "issues": "https://github.com/squizlabs/PHP_CodeSniffer/issues",
                "source": "https://github.com/squizlabs/PHP_CodeSniffer",
                "wiki": "https://github.com/squizlabs/PHP_CodeSniffer/wiki"
            },
            "time": "2021-04-09T00:54:41+00:00"
        }
    ],
    "aliases": [],
    "minimum-stability": "stable",
    "stability-flags": [],
    "prefer-stable": false,
    "prefer-lowest": false,
    "platform": {
        "php": "^7.4",
        "ext-json": "*"
    },
    "platform-dev": [],
    "plugin-api-version": "2.0.0"
}
